
Microsoft Visual Studio Solution File, Format Version 12.00
# Visual Studio Version 16
VisualStudioVersion = 16.0.30011.22
MinimumVisualStudioVersion = 10.0.40219.1
Project("{FAE04EC0-301F-11D3-BF4B-00C04F79EFBC}") = "App3_JWPAsync.Android", "App3_JWPAsync\App3_JWPAsync.Android\App3_JWPAsync.Android.csproj", "{80680DE4-37F8-447A-87DF-3A1DD438670B}"
EndProject
Project("{FAE04EC0-301F-11D3-BF4B-00C04F79EFBC}") = "App3_JWPAsync.iOS", "App3_JWPAsync\App3_JWPAsync.iOS\App3_JWPAsync.iOS.csproj", "{F9C134AE-4272-4F68-A3ED-6DF9091B7F25}"
EndProject
Project("{FAE04EC0-301F-11D3-BF4B-00C04F79EFBC}") = "App3_JWPAsync", "App3_JWPAsync\App3_JWPAsync\App3_JWPAsync.csproj", "{AEB0D44C-6391-45C6-8613-5C86DA273EDD}"
EndProject
Global
	GlobalSection(SolutionConfigurationPlatforms) = preSolution
		Debug|Any CPU = Debug|Any CPU
		Debug|iPhone = Debug|iPhone
		Debug|iPhoneSimulator = Debug|iPhoneSimulator
		Release|Any CPU = Release|Any CPU
		Release|iPhone = Release|iPhone
		Release|iPhoneSimulator = Release|iPhoneSimulator
	EndGlobalSection
	GlobalSection(ProjectConfigurationPlatforms) = postSolution
		{80680DE4-37F8-447A-87DF-3A1DD438670B}.Debug|Any CPU.ActiveCfg = Debug|Any CPU
		{80680DE4-37F8-447A-87DF-3A1DD438670B}.Debug|Any CPU.Build.0 = Debug|Any CPU
		{80680DE4-37F8-447A-87DF-3A1DD438670B}.Debug|Any CPU.Deploy.0 = Debug|Any CPU
		{80680DE4-37F8-447A-87DF-3A1DD438670B}.Debug|iPhone.ActiveCfg = Debug|Any CPU
		{80680DE4-37F8-447A-87DF-3A1DD438670B}.Debug|iPhone.Build.0 = Debug|Any CPU
		{80680DE4-37F8-447A-87DF-3A1DD438670B}.Debug|iPhone.Deploy.0 = Debug|Any CPU
		{80680DE4-37F8-447A-87DF-3A1DD438670B}.Debug|iPhoneSimulator.ActiveCfg = Debug|Any CPU
		{80680DE4-37F8-447A-87DF-3A1DD438670B}.Debug|iPhoneSimulator.Build.0 = Debug|Any CPU
		{80680DE4-37F8-447A-87DF-3A1DD438670B}.Debug|iPhoneSimulator.Deploy.0 = Debug|Any CPU
		{80680DE4-37F8-447A-87DF-3A1DD438670B}.Release|Any CPU.ActiveCfg = Release|Any CPU
		{80680DE4-37F8-447A-87DF-3A1DD438670B}.Release|Any CPU.Build.0 = Release|Any CPU
		{80680DE4-37F8-447A-87DF-3A1DD438670B}.Release|Any CPU.Deploy.0 = Release|Any CPU
		{80680DE4-37F8-447A-87DF-3A1DD438670B}.Release|iPhone.ActiveCfg = Release|Any CPU
		{80680DE4-37F8-447A-87DF-3A1DD438670B}.Release|iPhone.Build.0 = Release|Any CPU
		{80680DE4-37F8-447A-87DF-3A1DD438670B}.Release|iPhone.Deploy.0 = Release|Any CPU
		{80680DE4-37F8-447A-87DF-3A1DD438670B}.Release|iPhoneSimulator.ActiveCfg = Release|Any CPU
		{80680DE4-37F8-447A-87DF-3A1DD438670B}.Release|iPhoneSimulator.Build.0 = Release|Any CPU
		{80680DE4-37F8-447A-87DF-3A1DD438670B}.Release|iPhoneSimulator.Deploy.0 = Release|Any CPU
		{F9C134AE-4272-4F68-A3ED-6DF9091B7F25}.Debug|Any CPU.ActiveCfg = Debug|iPhone
		{F9C134AE-4272-4F68-A3ED-6DF9091B7F25}.Debug|Any CPU.Build.0 = Debug|iPhone
		{F9C134AE-4272-4F68-A3ED-6DF9091B7F25}.Debug|Any CPU.Deploy.0 = Debug|iPhone
		{F9C134AE-4272-4F68-A3ED-6DF9091B7F25}.Debug|iPhone.ActiveCfg = Debug|iPhone
		{F9C134AE-4272-4F68-A3ED-6DF9091B7F25}.Debug|iPhone.Build.0 = Debug|iPhone
		{F9C134AE-4272-4F68-A3ED-6DF9091B7F25}.Debug|iPhone.Deploy.0 = Debug|iPhone
		{F9C134AE-4272-4F68-A3ED-6DF9091B7F25}.Debug|iPhoneSimulator.ActiveCfg = Debug|iPhoneSimulator
		{F9C134AE-4272-4F68-A3ED-6DF9091B7F25}.Debug|iPhoneSimulator.Build.0 = Debug|iPhoneSimulator
		{F9C134AE-4272-4F68-A3ED-6DF9091B7F25}.Debug|iPhoneSimulator.Deploy.0 = Debug|iPhoneSimulator
		{F9C134AE-4272-4F68-A3ED-6DF9091B7F25}.Release|Any CPU.ActiveCfg = Release|iPhone
		{F9C134AE-4272-4F68-A3ED-6DF9091B7F25}.Release|Any CPU.Build.0 = Release|iPhone
		{F9C134AE-4272-4F68-A3ED-6DF9091B7F25}.Release|Any CPU.Deploy.0 = Release|iPhone
		{F9C134AE-4272-4F68-A3ED-6DF9091B7F25}.Release|iPhone.ActiveCfg = Release|iPhone
		{F9C134AE-4272-4F68-A3ED-6DF9091B7F25}.Release|iPhone.Build.0 = Release|iPhone
		{F9C134AE-4272-4F68-A3ED-6DF9091B7F25}.Release|iPhone.Deploy.0 = Release|iPhone
		{F9C134AE-4272-4F68-A3ED-6DF9091B7F25}.Release|iPhoneSimulator.ActiveCfg = Release|iPhoneSimulator
		{F9C134AE-4272-4F68-A3ED-6DF9091B7F25}.Release|iPhoneSimulator.Build.0 = Release|iPhoneSimulator
		{F9C134AE-4272-4F68-A3ED-6DF9091B7F25}.Release|iPhoneSimulator.Deploy.0 = Release|iPhoneSimulator
		{AEB0D44C-6391-45C6-8613-5C86DA273EDD}.Debug|Any CPU.ActiveCfg = Debug|Any CPU
		{AEB0D44C-6391-45C6-8613-5C86DA273EDD}.Debug|Any CPU.Build.0 = Debug|Any CPU
		{AEB0D44C-6391-45C6-8613-5C86DA273EDD}.Debug|Any CPU.Deploy.0 = Debug|Any CPU
		{AEB0D44C-6391-45C6-8613-5C86DA273EDD}.Debug|iPhone.ActiveCfg = Debug|Any CPU
		{AEB0D44C-6391-45C6-8613-5C86DA273EDD}.Debug|iPhone.Build.0 = Debug|Any CPU
		{AEB0D44C-6391-45C6-8613-5C86DA273EDD}.Debug|iPhone.Deploy.0 = Debug|Any CPU
		{AEB0D44C-6391-45C6-8613-5C86DA273EDD}.Debug|iPhoneSimulator.ActiveCfg = Debug|Any CPU
		{AEB0D44C-6391-45C6-8613-5C86DA273EDD}.Debug|iPhoneSimulator.Build.0 = Debug|Any CPU
		{AEB0D44C-6391-45C6-8613-5C86DA273EDD}.Debug|iPhoneSimulator.Deploy.0 = Debug|Any CPU
		{AEB0D44C-6391-45C6-8613-5C86DA273EDD}.Release|Any CPU.ActiveCfg = Release|Any CPU
		{AEB0D44C-6391-45C6-8613-5C86DA273EDD}.Release|Any CPU.Build.0 = Release|Any CPU
		{AEB0D44C-6391-45C6-8613-5C86DA273EDD}.Release|Any CPU.Deploy.0 = Release|Any CPU
		{AEB0D44C-6391-45C6-8613-5C86DA273EDD}.Release|iPhone.ActiveCfg = Release|Any CPU
		{AEB0D44C-6391-45C6-8613-5C86DA273EDD}.Release|iPhone.Build.0 = Release|Any CPU
		{AEB0D44C-6391-45C6-8613-5C86DA273EDD}.Release|iPhone.Deploy.0 = Release|Any CPU
		{AEB0D44C-6391-45C6-8613-5C86DA273EDD}.Release|iPhoneSimulator.ActiveCfg = Release|Any CPU
		{AEB0D44C-6391-45C6-8613-5C86DA273EDD}.Release|iPhoneSimulator.Build.0 = Release|Any CPU
		{AEB0D44C-6391-45C6-8613-5C86DA273EDD}.Release|iPhoneSimulator.Deploy.0 = Release|Any CPU
	EndGlobalSection
	GlobalSection(SolutionProperties) = preSolution
		HideSolutionNode = FALSE
	EndGlobalSection
	GlobalSection(ExtensibilityGlobals) = postSolution
		SolutionGuid = {EF9FBA1A-53D5-47CC-9EFA-425B06FB4BDA}
	EndGlobalSection
EndGlobal
